
Microsoft Visual Studio Solution File, Format Version 12.00
# Visual Studio Version 17
VisualStudioVersion = 17.4.33205.214
MinimumVisualStudioVersion = 10.0.40219.1
Project("{8BC9CEB8-8B4A-11D0-8D11-00A0C91BC942}") = "JContainers", "src\JContainers\JContainers.vcxproj", "{C7305D8C-5514-4C58-9ED7-04D1D7A53D8D}"
	ProjectSection(ProjectDependencies) = postProject
		{0412D717-0752-4963-B0AB-C2B89DD4020C} = {0412D717-0752-4963-B0AB-C2B89DD4020C}
		{172A50B5-633A-45B2-86E7-9E60D0D3F8FE} = {172A50B5-633A-45B2-86E7-9E60D0D3F8FE}
		{20C6411C-596F-4B85-BE4E-8BC91F59D8A6} = {20C6411C-596F-4B85-BE4E-8BC91F59D8A6}
		{30AE3A01-17BE-476C-AAE0-3774D9589AA1} = {30AE3A01-17BE-476C-AAE0-3774D9589AA1}
		{639411C0-FC23-4819-A0C5-429A4E5D8A51} = {639411C0-FC23-4819-A0C5-429A4E5D8A51}
		{7028B79C-06E3-4D9A-B38C-1DC3680B1BDB} = {7028B79C-06E3-4D9A-B38C-1DC3680B1BDB}
	EndProjectSection
EndProject
Project("{8BC9CEB8-8B4A-11D0-8D11-00A0C91BC942}") = "common64", "dep\skse64\common\common.vcxproj", "{20C6411C-596F-4B85-BE4E-8BC91F59D8A6}"
EndProject
Project("{8BC9CEB8-8B4A-11D0-8D11-00A0C91BC942}") = "jansson", "dep\jansson\jansson.vcxproj", "{F9EF3CA7-06A8-4BB2-9232-C4251E65829B}"
EndProject
Project("{8BC9CEB8-8B4A-11D0-8D11-00A0C91BC942}") = "json_validator", "src\json_validator\json_validator.vcxproj", "{CAA7D417-1B58-48AB-A226-C7E69141772C}"
EndProject
Project("{8BC9CEB8-8B4A-11D0-8D11-00A0C91BC942}") = "API_example", "src\api_usage_example\api_usage_example.vcxproj", "{6A52E028-EA40-467A-9055-6C7320B2746D}"
	ProjectSection(ProjectDependencies) = postProject
		{0412D717-0752-4963-B0AB-C2B89DD4020C} = {0412D717-0752-4963-B0AB-C2B89DD4020C}
		{172A50B5-633A-45B2-86E7-9E60D0D3F8FE} = {172A50B5-633A-45B2-86E7-9E60D0D3F8FE}
		{20C6411C-596F-4B85-BE4E-8BC91F59D8A6} = {20C6411C-596F-4B85-BE4E-8BC91F59D8A6}
		{30AE3A01-17BE-476C-AAE0-3774D9589AA1} = {30AE3A01-17BE-476C-AAE0-3774D9589AA1}
		{639411C0-FC23-4819-A0C5-429A4E5D8A51} = {639411C0-FC23-4819-A0C5-429A4E5D8A51}
		{7028B79C-06E3-4D9A-B38C-1DC3680B1BDB} = {7028B79C-06E3-4D9A-B38C-1DC3680B1BDB}
	EndProjectSection
EndProject
Project("{8BC9CEB8-8B4A-11D0-8D11-00A0C91BC942}") = "luajit", "dep\luajit\luajit.vcxproj", "{7D8B3C09-A91E-4C14-93AF-059F314C601F}"
EndProject
Project("{8BC9CEB8-8B4A-11D0-8D11-00A0C91BC942}") = "gtest", "dep\googletest\gtest.vcxproj", "{C8F6C172-56F2-4E76-B5FA-C3B423B31BE7}"
EndProject
Project("{8BC9CEB8-8B4A-11D0-8D11-00A0C91BC942}") = "skse64", "dep\skse64\skse\skse64\skse64.vcxproj", "{7028B79C-06E3-4D9A-B38C-1DC3680B1BDB}"
EndProject
Project("{8BC9CEB8-8B4A-11D0-8D11-00A0C91BC942}") = "skse64_common", "dep\skse64\skse\skse64_common\skse64_common.vcxproj", "{5FD1C08D-DB80-480C-A1C6-F0920005CD13}"
EndProject
Project("{8BC9CEB8-8B4A-11D0-8D11-00A0C91BC942}") = "DebugJC", "src\DebugJC\DebugJC.vcxproj", "{F4D54F82-FAC5-48D8-909E-6E000A39B491}"
EndProject
Project("{8BC9CEB8-8B4A-11D0-8D11-00A0C91BC942}") = "commonVR", "dep\sksevr\common\common-vr.vcxproj", "{172A50B5-633A-45B2-86E7-9E60D0D3F8FE}"
EndProject
Project("{8BC9CEB8-8B4A-11D0-8D11-00A0C91BC942}") = "skseVR_common", "dep\sksevr\sksevr\skse64_common\skseVR_common.vcxproj", "{BF4E6791-1336-4B65-8E3F-731FED37E4B2}"
EndProject
Project("{8BC9CEB8-8B4A-11D0-8D11-00A0C91BC942}") = "skseVR", "dep\sksevr\sksevr\skse64\skseVR.vcxproj", "{639411C0-FC23-4819-A0C5-429A4E5D8A51}"
EndProject
Project("{8BC9CEB8-8B4A-11D0-8D11-00A0C91BC942}") = "commonGOG", "dep\sksegog\common\common-gog.vcxproj", "{30AE3A01-17BE-476C-AAE0-3774D9589AA1}"
EndProject
Project("{8BC9CEB8-8B4A-11D0-8D11-00A0C91BC942}") = "skseGOG_common", "dep\sksegog\skse\skse64_common\skseGOG_common.vcxproj", "{E4475D21-BAA6-4954-A78A-2F85229C3160}"
EndProject
Project("{8BC9CEB8-8B4A-11D0-8D11-00A0C91BC942}") = "skseGOG", "dep\sksegog\skse\skse64\skseGOG.vcxproj", "{0412D717-0752-4963-B0AB-C2B89DD4020C}"
	ProjectSection(ProjectDependencies) = postProject
		{E4475D21-BAA6-4954-A78A-2F85229C3160} = {E4475D21-BAA6-4954-A78A-2F85229C3160}
	EndProjectSection
EndProject
Global
	GlobalSection(SolutionConfigurationPlatforms) = preSolution
		Debug|x64 = Debug|x64
		Debug|x86 = Debug|x86
		DebugGOG|x64 = DebugGOG|x64
		DebugGOG|x86 = DebugGOG|x86
		DebugVR|x64 = DebugVR|x64
		DebugVR|x86 = DebugVR|x86
		Release|x64 = Release|x64
		Release|x86 = Release|x86
		ReleaseGOG|x64 = ReleaseGOG|x64
		ReleaseGOG|x86 = ReleaseGOG|x86
		ReleaseVR|x64 = ReleaseVR|x64
		ReleaseVR|x86 = ReleaseVR|x86
	EndGlobalSection
	GlobalSection(ProjectConfigurationPlatforms) = postSolution
		{C7305D8C-5514-4C58-9ED7-04D1D7A53D8D}.Debug|x64.ActiveCfg = Debug|x64
		{C7305D8C-5514-4C58-9ED7-04D1D7A53D8D}.Debug|x64.Build.0 = Debug|x64
		{C7305D8C-5514-4C58-9ED7-04D1D7A53D8D}.Debug|x86.ActiveCfg = Debug|Win32
		{C7305D8C-5514-4C58-9ED7-04D1D7A53D8D}.Debug|x86.Build.0 = Debug|Win32
		{C7305D8C-5514-4C58-9ED7-04D1D7A53D8D}.DebugGOG|x64.ActiveCfg = DebugGOG|x64
		{C7305D8C-5514-4C58-9ED7-04D1D7A53D8D}.DebugGOG|x64.Build.0 = DebugGOG|x64
		{C7305D8C-5514-4C58-9ED7-04D1D7A53D8D}.DebugGOG|x86.ActiveCfg = DebugGOG|Win32
		{C7305D8C-5514-4C58-9ED7-04D1D7A53D8D}.DebugGOG|x86.Build.0 = DebugGOG|Win32
		{C7305D8C-5514-4C58-9ED7-04D1D7A53D8D}.DebugVR|x64.ActiveCfg = DebugVR|x64
		{C7305D8C-5514-4C58-9ED7-04D1D7A53D8D}.DebugVR|x64.Build.0 = DebugVR|x64
		{C7305D8C-5514-4C58-9ED7-04D1D7A53D8D}.DebugVR|x86.ActiveCfg = Debug|Win32
		{C7305D8C-5514-4C58-9ED7-04D1D7A53D8D}.DebugVR|x86.Build.0 = Debug|Win32
		{C7305D8C-5514-4C58-9ED7-04D1D7A53D8D}.Release|x64.ActiveCfg = Release|x64
		{C7305D8C-5514-4C58-9ED7-04D1D7A53D8D}.Release|x64.Build.0 = Release|x64
		{C7305D8C-5514-4C58-9ED7-04D1D7A53D8D}.Release|x86.ActiveCfg = Release|Win32
		{C7305D8C-5514-4C58-9ED7-04D1D7A53D8D}.Release|x86.Build.0 = Release|Win32
		{C7305D8C-5514-4C58-9ED7-04D1D7A53D8D}.ReleaseGOG|x64.ActiveCfg = ReleaseGOG|x64
		{C7305D8C-5514-4C58-9ED7-04D1D7A53D8D}.ReleaseGOG|x64.Build.0 = ReleaseGOG|x64
		{C7305D8C-5514-4C58-9ED7-04D1D7A53D8D}.ReleaseGOG|x86.ActiveCfg = ReleaseGOG|Win32
		{C7305D8C-5514-4C58-9ED7-04D1D7A53D8D}.ReleaseGOG|x86.Build.0 = ReleaseGOG|Win32
		{C7305D8C-5514-4C58-9ED7-04D1D7A53D8D}.ReleaseVR|x64.ActiveCfg = ReleaseVR|x64
		{C7305D8C-5514-4C58-9ED7-04D1D7A53D8D}.ReleaseVR|x64.Build.0 = ReleaseVR|x64
		{C7305D8C-5514-4C58-9ED7-04D1D7A53D8D}.ReleaseVR|x86.ActiveCfg = Release|Win32
		{C7305D8C-5514-4C58-9ED7-04D1D7A53D8D}.ReleaseVR|x86.Build.0 = Release|Win32
		{20C6411C-596F-4B85-BE4E-8BC91F59D8A6}.Debug|x64.ActiveCfg = Debug|x64
		{20C6411C-596F-4B85-BE4E-8BC91F59D8A6}.Debug|x64.Build.0 = Debug|x64
		{20C6411C-596F-4B85-BE4E-8BC91F59D8A6}.Debug|x86.ActiveCfg = Debug|Win32
		{20C6411C-596F-4B85-BE4E-8BC91F59D8A6}.Debug|x86.Build.0 = Debug|Win32
		{20C6411C-596F-4B85-BE4E-8BC91F59D8A6}.DebugGOG|x64.ActiveCfg = DebugGOG|x64
		{20C6411C-596F-4B85-BE4E-8BC91F59D8A6}.DebugGOG|x86.ActiveCfg = DebugGOG|Win32
		{20C6411C-596F-4B85-BE4E-8BC91F59D8A6}.DebugGOG|x86.Build.0 = DebugGOG|Win32
		{20C6411C-596F-4B85-BE4E-8BC91F59D8A6}.DebugVR|x64.ActiveCfg = Debug|x64
		{20C6411C-596F-4B85-BE4E-8BC91F59D8A6}.DebugVR|x86.ActiveCfg = Debug|Win32
		{20C6411C-596F-4B85-BE4E-8BC91F59D8A6}.DebugVR|x86.Build.0 = Debug|Win32
		{20C6411C-596F-4B85-BE4E-8BC91F59D8A6}.Release|x64.ActiveCfg = Release|x64
		{20C6411C-596F-4B85-BE4E-8BC91F59D8A6}.Release|x64.Build.0 = Release|x64
		{20C6411C-596F-4B85-BE4E-8BC91F59D8A6}.Release|x86.ActiveCfg = Release|Win32
		{20C6411C-596F-4B85-BE4E-8BC91F59D8A6}.Release|x86.Build.0 = Release|Win32
		{20C6411C-596F-4B85-BE4E-8BC91F59D8A6}.ReleaseGOG|x64.ActiveCfg = ReleaseGOG|x64
		{20C6411C-596F-4B85-BE4E-8BC91F59D8A6}.ReleaseGOG|x86.ActiveCfg = ReleaseGOG|Win32
		{20C6411C-596F-4B85-BE4E-8BC91F59D8A6}.ReleaseGOG|x86.Build.0 = ReleaseGOG|Win32
		{20C6411C-596F-4B85-BE4E-8BC91F59D8A6}.ReleaseVR|x64.ActiveCfg = Release|x64
		{20C6411C-596F-4B85-BE4E-8BC91F59D8A6}.ReleaseVR|x86.ActiveCfg = Release|Win32
		{20C6411C-596F-4B85-BE4E-8BC91F59D8A6}.ReleaseVR|x86.Build.0 = Release|Win32
		{F9EF3CA7-06A8-4BB2-9232-C4251E65829B}.Debug|x64.ActiveCfg = Debug|x64
		{F9EF3CA7-06A8-4BB2-9232-C4251E65829B}.Debug|x64.Build.0 = Debug|x64
		{F9EF3CA7-06A8-4BB2-9232-C4251E65829B}.Debug|x86.ActiveCfg = Debug|Win32
		{F9EF3CA7-06A8-4BB2-9232-C4251E65829B}.Debug|x86.Build.0 = Debug|Win32
		{F9EF3CA7-06A8-4BB2-9232-C4251E65829B}.DebugGOG|x64.ActiveCfg = DebugGOG|x64
		{F9EF3CA7-06A8-4BB2-9232-C4251E65829B}.DebugGOG|x64.Build.0 = DebugGOG|x64
		{F9EF3CA7-06A8-4BB2-9232-C4251E65829B}.DebugGOG|x86.ActiveCfg = DebugGOG|Win32
		{F9EF3CA7-06A8-4BB2-9232-C4251E65829B}.DebugGOG|x86.Build.0 = DebugGOG|Win32
		{F9EF3CA7-06A8-4BB2-9232-C4251E65829B}.DebugVR|x64.ActiveCfg = Debug|x64
		{F9EF3CA7-06A8-4BB2-9232-C4251E65829B}.DebugVR|x64.Build.0 = Debug|x64
		{F9EF3CA7-06A8-4BB2-9232-C4251E65829B}.DebugVR|x86.ActiveCfg = Debug|Win32
		{F9EF3CA7-06A8-4BB2-9232-C4251E65829B}.DebugVR|x86.Build.0 = Debug|Win32
		{F9EF3CA7-06A8-4BB2-9232-C4251E65829B}.Release|x64.ActiveCfg = Release|x64
		{F9EF3CA7-06A8-4BB2-9232-C4251E65829B}.Release|x64.Build.0 = Release|x64
		{F9EF3CA7-06A8-4BB2-9232-C4251E65829B}.Release|x86.ActiveCfg = Release|Win32
		{F9EF3CA7-06A8-4BB2-9232-C4251E65829B}.Release|x86.Build.0 = Release|Win32
		{F9EF3CA7-06A8-4BB2-9232-C4251E65829B}.ReleaseGOG|x64.ActiveCfg = ReleaseGOG|x64
		{F9EF3CA7-06A8-4BB2-9232-C4251E65829B}.ReleaseGOG|x64.Build.0 = ReleaseGOG|x64
		{F9EF3CA7-06A8-4BB2-9232-C4251E65829B}.ReleaseGOG|x86.ActiveCfg = ReleaseGOG|Win32
		{F9EF3CA7-06A8-4BB2-9232-C4251E65829B}.ReleaseGOG|x86.Build.0 = ReleaseGOG|Win32
		{F9EF3CA7-06A8-4BB2-9232-C4251E65829B}.ReleaseVR|x64.ActiveCfg = Release|x64
		{F9EF3CA7-06A8-4BB2-9232-C4251E65829B}.ReleaseVR|x64.Build.0 = Release|x64
		{F9EF3CA7-06A8-4BB2-9232-C4251E65829B}.ReleaseVR|x86.ActiveCfg = Release|Win32
		{F9EF3CA7-06A8-4BB2-9232-C4251E65829B}.ReleaseVR|x86.Build.0 = Release|Win32
		{CAA7D417-1B58-48AB-A226-C7E69141772C}.Debug|x64.ActiveCfg = Debug|x64
		{CAA7D417-1B58-48AB-A226-C7E69141772C}.Debug|x64.Build.0 = Debug|x64
		{CAA7D417-1B58-48AB-A226-C7E69141772C}.Debug|x86.ActiveCfg = Debug|Win32
		{CAA7D417-1B58-48AB-A226-C7E69141772C}.Debug|x86.Build.0 = Debug|Win32
		{CAA7D417-1B58-48AB-A226-C7E69141772C}.DebugGOG|x64.ActiveCfg = DebugGOG|x64
		{CAA7D417-1B58-48AB-A226-C7E69141772C}.DebugGOG|x64.Build.0 = DebugGOG|x64
		{CAA7D417-1B58-48AB-A226-C7E69141772C}.DebugGOG|x86.ActiveCfg = DebugGOG|Win32
		{CAA7D417-1B58-48AB-A226-C7E69141772C}.DebugGOG|x86.Build.0 = DebugGOG|Win32
		{CAA7D417-1B58-48AB-A226-C7E69141772C}.DebugVR|x64.ActiveCfg = Debug|x64
		{CAA7D417-1B58-48AB-A226-C7E69141772C}.DebugVR|x64.Build.0 = Debug|x64
		{CAA7D417-1B58-48AB-A226-C7E69141772C}.DebugVR|x86.ActiveCfg = Debug|Win32
		{CAA7D417-1B58-48AB-A226-C7E69141772C}.DebugVR|x86.Build.0 = Debug|Win32
		{CAA7D417-1B58-48AB-A226-C7E69141772C}.Release|x64.ActiveCfg = Release|x64
		{CAA7D417-1B58-48AB-A226-C7E69141772C}.Release|x64.Build.0 = Release|x64
		{CAA7D417-1B58-48AB-A226-C7E69141772C}.Release|x86.ActiveCfg = Release|Win32
		{CAA7D417-1B58-48AB-A226-C7E69141772C}.Release|x86.Build.0 = Release|Win32
		{CAA7D417-1B58-48AB-A226-C7E69141772C}.ReleaseGOG|x64.ActiveCfg = ReleaseGOG|x64
		{CAA7D417-1B58-48AB-A226-C7E69141772C}.ReleaseGOG|x64.Build.0 = ReleaseGOG|x64
		{CAA7D417-1B58-48AB-A226-C7E69141772C}.ReleaseGOG|x86.ActiveCfg = ReleaseGOG|Win32
		{CAA7D417-1B58-48AB-A226-C7E69141772C}.ReleaseGOG|x86.Build.0 = ReleaseGOG|Win32
		{CAA7D417-1B58-48AB-A226-C7E69141772C}.ReleaseVR|x64.ActiveCfg = Release|x64
		{CAA7D417-1B58-48AB-A226-C7E69141772C}.ReleaseVR|x64.Build.0 = Release|x64
		{CAA7D417-1B58-48AB-A226-C7E69141772C}.ReleaseVR|x86.ActiveCfg = Release|Win32
		{CAA7D417-1B58-48AB-A226-C7E69141772C}.ReleaseVR|x86.Build.0 = Release|Win32
		{6A52E028-EA40-467A-9055-6C7320B2746D}.Debug|x64.ActiveCfg = Debug|x64
		{6A52E028-EA40-467A-9055-6C7320B2746D}.Debug|x64.Build.0 = Debug|x64
		{6A52E028-EA40-467A-9055-6C7320B2746D}.Debug|x86.ActiveCfg = Debug|Win32
		{6A52E028-EA40-467A-9055-6C7320B2746D}.Debug|x86.Build.0 = Debug|Win32
		{6A52E028-EA40-467A-9055-6C7320B2746D}.DebugGOG|x64.ActiveCfg = DebugGOG|x64
		{6A52E028-EA40-467A-9055-6C7320B2746D}.DebugGOG|x64.Build.0 = DebugGOG|x64
		{6A52E028-EA40-467A-9055-6C7320B2746D}.DebugGOG|x86.ActiveCfg = DebugGOG|Win32
		{6A52E028-EA40-467A-9055-6C7320B2746D}.DebugGOG|x86.Build.0 = DebugGOG|Win32
		{6A52E028-EA40-467A-9055-6C7320B2746D}.DebugVR|x64.ActiveCfg = DebugVR|x64
		{6A52E028-EA40-467A-9055-6C7320B2746D}.DebugVR|x64.Build.0 = DebugVR|x64
		{6A52E028-EA40-467A-9055-6C7320B2746D}.DebugVR|x86.ActiveCfg = Debug|Win32
		{6A52E028-EA40-467A-9055-6C7320B2746D}.DebugVR|x86.Build.0 = Debug|Win32
		{6A52E028-EA40-467A-9055-6C7320B2746D}.Release|x64.ActiveCfg = Release|x64
		{6A52E028-EA40-467A-9055-6C7320B2746D}.Release|x64.Build.0 = Release|x64
		{6A52E028-EA40-467A-9055-6C7320B2746D}.Release|x86.ActiveCfg = Release|Win32
		{6A52E028-EA40-467A-9055-6C7320B2746D}.Release|x86.Build.0 = Release|Win32
		{6A52E028-EA40-467A-9055-6C7320B2746D}.ReleaseGOG|x64.ActiveCfg = ReleaseGOG|x64
		{6A52E028-EA40-467A-9055-6C7320B2746D}.ReleaseGOG|x64.Build.0 = ReleaseGOG|x64
		{6A52E028-EA40-467A-9055-6C7320B2746D}.ReleaseGOG|x86.ActiveCfg = ReleaseGOG|Win32
		{6A52E028-EA40-467A-9055-6C7320B2746D}.ReleaseGOG|x86.Build.0 = ReleaseGOG|Win32
		{6A52E028-EA40-467A-9055-6C7320B2746D}.ReleaseVR|x64.ActiveCfg = ReleaseVR|x64
		{6A52E028-EA40-467A-9055-6C7320B2746D}.ReleaseVR|x64.Build.0 = ReleaseVR|x64
		{6A52E028-EA40-467A-9055-6C7320B2746D}.ReleaseVR|x86.ActiveCfg = Release|Win32
		{6A52E028-EA40-467A-9055-6C7320B2746D}.ReleaseVR|x86.Build.0 = Release|Win32
		{7D8B3C09-A91E-4C14-93AF-059F314C601F}.Debug|x64.ActiveCfg = Debug|x64
		{7D8B3C09-A91E-4C14-93AF-059F314C601F}.Debug|x64.Build.0 = Debug|x64
		{7D8B3C09-A91E-4C14-93AF-059F314C601F}.Debug|x86.ActiveCfg = Debug|Win32
		{7D8B3C09-A91E-4C14-93AF-059F314C601F}.Debug|x86.Build.0 = Debug|Win32
		{7D8B3C09-A91E-4C14-93AF-059F314C601F}.DebugGOG|x64.ActiveCfg = DebugGOG|x64
		{7D8B3C09-A91E-4C14-93AF-059F314C601F}.DebugGOG|x64.Build.0 = DebugGOG|x64
		{7D8B3C09-A91E-4C14-93AF-059F314C601F}.DebugGOG|x86.ActiveCfg = DebugGOG|Win32
		{7D8B3C09-A91E-4C14-93AF-059F314C601F}.DebugGOG|x86.Build.0 = DebugGOG|Win32
		{7D8B3C09-A91E-4C14-93AF-059F314C601F}.DebugVR|x64.ActiveCfg = Debug|x64
		{7D8B3C09-A91E-4C14-93AF-059F314C601F}.DebugVR|x64.Build.0 = Debug|x64
		{7D8B3C09-A91E-4C14-93AF-059F314C601F}.DebugVR|x86.ActiveCfg = Debug|Win32
		{7D8B3C09-A91E-4C14-93AF-059F314C601F}.DebugVR|x86.Build.0 = Debug|Win32
		{7D8B3C09-A91E-4C14-93AF-059F314C601F}.Release|x64.ActiveCfg = Release|x64
		{7D8B3C09-A91E-4C14-93AF-059F314C601F}.Release|x64.Build.0 = Release|x64
		{7D8B3C09-A91E-4C14-93AF-059F314C601F}.Release|x86.ActiveCfg = Release|Win32
		{7D8B3C09-A91E-4C14-93AF-059F314C601F}.Release|x86.Build.0 = Release|Win32
		{7D8B3C09-A91E-4C14-93AF-059F314C601F}.ReleaseGOG|x64.ActiveCfg = ReleaseGOG|x64
		{7D8B3C09-A91E-4C14-93AF-059F314C601F}.ReleaseGOG|x64.Build.0 = ReleaseGOG|x64
		{7D8B3C09-A91E-4C14-93AF-059F314C601F}.ReleaseGOG|x86.ActiveCfg = ReleaseGOG|Win32
		{7D8B3C09-A91E-4C14-93AF-059F314C601F}.ReleaseGOG|x86.Build.0 = ReleaseGOG|Win32
		{7D8B3C09-A91E-4C14-93AF-059F314C601F}.ReleaseVR|x64.ActiveCfg = Release|x64
		{7D8B3C09-A91E-4C14-93AF-059F314C601F}.ReleaseVR|x64.Build.0 = Release|x64
		{7D8B3C09-A91E-4C14-93AF-059F314C601F}.ReleaseVR|x86.ActiveCfg = Release|Win32
		{7D8B3C09-A91E-4C14-93AF-059F314C601F}.ReleaseVR|x86.Build.0 = Release|Win32
		{C8F6C172-56F2-4E76-B5FA-C3B423B31BE7}.Debug|x64.ActiveCfg = Debug|x64
		{C8F6C172-56F2-4E76-B5FA-C3B423B31BE7}.Debug|x64.Build.0 = Debug|x64
		{C8F6C172-56F2-4E76-B5FA-C3B423B31BE7}.Debug|x86.ActiveCfg = Debug|Win32
		{C8F6C172-56F2-4E76-B5FA-C3B423B31BE7}.Debug|x86.Build.0 = Debug|Win32
		{C8F6C172-56F2-4E76-B5FA-C3B423B31BE7}.DebugGOG|x64.ActiveCfg = DebugGOG|x64
		{C8F6C172-56F2-4E76-B5FA-C3B423B31BE7}.DebugGOG|x64.Build.0 = DebugGOG|x64
		{C8F6C172-56F2-4E76-B5FA-C3B423B31BE7}.DebugGOG|x86.ActiveCfg = DebugGOG|Win32
		{C8F6C172-56F2-4E76-B5FA-C3B423B31BE7}.DebugGOG|x86.Build.0 = DebugGOG|Win32
		{C8F6C172-56F2-4E76-B5FA-C3B423B31BE7}.DebugVR|x64.ActiveCfg = Debug|x64
		{C8F6C172-56F2-4E76-B5FA-C3B423B31BE7}.DebugVR|x64.Build.0 = Debug|x64
		{C8F6C172-56F2-4E76-B5FA-C3B423B31BE7}.DebugVR|x86.ActiveCfg = Debug|Win32
		{C8F6C172-56F2-4E76-B5FA-C3B423B31BE7}.DebugVR|x86.Build.0 = Debug|Win32
		{C8F6C172-56F2-4E76-B5FA-C3B423B31BE7}.Release|x64.ActiveCfg = Release|x64
		{C8F6C172-56F2-4E76-B5FA-C3B423B31BE7}.Release|x64.Build.0 = Release|x64
		{C8F6C172-56F2-4E76-B5FA-C3B423B31BE7}.Release|x86.ActiveCfg = Release|Win32
		{C8F6C172-56F2-4E76-B5FA-C3B423B31BE7}.Release|x86.Build.0 = Release|Win32
		{C8F6C172-56F2-4E76-B5FA-C3B423B31BE7}.ReleaseGOG|x64.ActiveCfg = ReleaseGOG|x64
		{C8F6C172-56F2-4E76-B5FA-C3B423B31BE7}.ReleaseGOG|x64.Build.0 = ReleaseGOG|x64
		{C8F6C172-56F2-4E76-B5FA-C3B423B31BE7}.ReleaseGOG|x86.ActiveCfg = ReleaseGOG|Win32
		{C8F6C172-56F2-4E76-B5FA-C3B423B31BE7}.ReleaseGOG|x86.Build.0 = ReleaseGOG|Win32
		{C8F6C172-56F2-4E76-B5FA-C3B423B31BE7}.ReleaseVR|x64.ActiveCfg = Release|x64
		{C8F6C172-56F2-4E76-B5FA-C3B423B31BE7}.ReleaseVR|x64.Build.0 = Release|x64
		{C8F6C172-56F2-4E76-B5FA-C3B423B31BE7}.ReleaseVR|x86.ActiveCfg = Release|Win32
		{C8F6C172-56F2-4E76-B5FA-C3B423B31BE7}.ReleaseVR|x86.Build.0 = Release|Win32
		{7028B79C-06E3-4D9A-B38C-1DC3680B1BDB}.Debug|x64.ActiveCfg = Debug|x64
		{7028B79C-06E3-4D9A-B38C-1DC3680B1BDB}.Debug|x64.Build.0 = Debug|x64
		{7028B79C-06E3-4D9A-B38C-1DC3680B1BDB}.Debug|x86.ActiveCfg = Debug|x64
		{7028B79C-06E3-4D9A-B38C-1DC3680B1BDB}.DebugGOG|x64.ActiveCfg = DebugGOG|x64
		{7028B79C-06E3-4D9A-B38C-1DC3680B1BDB}.DebugGOG|x86.ActiveCfg = DebugGOG|x64
		{7028B79C-06E3-4D9A-B38C-1DC3680B1BDB}.DebugGOG|x86.Build.0 = DebugGOG|x64
		{7028B79C-06E3-4D9A-B38C-1DC3680B1BDB}.DebugVR|x64.ActiveCfg = Debug|x64
		{7028B79C-06E3-4D9A-B38C-1DC3680B1BDB}.DebugVR|x86.ActiveCfg = Debug|x64
		{7028B79C-06E3-4D9A-B38C-1DC3680B1BDB}.Release|x64.ActiveCfg = Release|x64
		{7028B79C-06E3-4D9A-B38C-1DC3680B1BDB}.Release|x64.Build.0 = Release|x64
		{7028B79C-06E3-4D9A-B38C-1DC3680B1BDB}.Release|x86.ActiveCfg = Release|x64
		{7028B79C-06E3-4D9A-B38C-1DC3680B1BDB}.ReleaseGOG|x64.ActiveCfg = ReleaseGOG|x64
		{7028B79C-06E3-4D9A-B38C-1DC3680B1BDB}.ReleaseGOG|x86.ActiveCfg = ReleaseGOG|x64
		{7028B79C-06E3-4D9A-B38C-1DC3680B1BDB}.ReleaseGOG|x86.Build.0 = ReleaseGOG|x64
		{7028B79C-06E3-4D9A-B38C-1DC3680B1BDB}.ReleaseVR|x64.ActiveCfg = Release|x64
		{7028B79C-06E3-4D9A-B38C-1DC3680B1BDB}.ReleaseVR|x86.ActiveCfg = Release|x64
		{5FD1C08D-DB80-480C-A1C6-F0920005CD13}.Debug|x64.ActiveCfg = Debug|x64
		{5FD1C08D-DB80-480C-A1C6-F0920005CD13}.Debug|x64.Build.0 = Debug|x64
		{5FD1C08D-DB80-480C-A1C6-F0920005CD13}.Debug|x86.ActiveCfg = Debug|x64
		{5FD1C08D-DB80-480C-A1C6-F0920005CD13}.DebugGOG|x64.ActiveCfg = DebugGOG|x64
		{5FD1C08D-DB80-480C-A1C6-F0920005CD13}.DebugGOG|x86.ActiveCfg = DebugGOG|x64
		{5FD1C08D-DB80-480C-A1C6-F0920005CD13}.DebugGOG|x86.Build.0 = DebugGOG|x64
		{5FD1C08D-DB80-480C-A1C6-F0920005CD13}.DebugVR|x64.ActiveCfg = Debug|x64
		{5FD1C08D-DB80-480C-A1C6-F0920005CD13}.DebugVR|x86.ActiveCfg = Debug|x64
		{5FD1C08D-DB80-480C-A1C6-F0920005CD13}.Release|x64.ActiveCfg = Release|x64
		{5FD1C08D-DB80-480C-A1C6-F0920005CD13}.Release|x64.Build.0 = Release|x64
		{5FD1C08D-DB80-480C-A1C6-F0920005CD13}.Release|x86.ActiveCfg = Release|x64
		{5FD1C08D-DB80-480C-A1C6-F0920005CD13}.ReleaseGOG|x64.ActiveCfg = ReleaseGOG|x64
		{5FD1C08D-DB80-480C-A1C6-F0920005CD13}.ReleaseGOG|x86.ActiveCfg = ReleaseGOG|x64
		{5FD1C08D-DB80-480C-A1C6-F0920005CD13}.ReleaseGOG|x86.Build.0 = ReleaseGOG|x64
		{5FD1C08D-DB80-480C-A1C6-F0920005CD13}.ReleaseVR|x64.ActiveCfg = Release|x64
		{5FD1C08D-DB80-480C-A1C6-F0920005CD13}.ReleaseVR|x86.ActiveCfg = Release|x64
		{F4D54F82-FAC5-48D8-909E-6E000A39B491}.Debug|x64.ActiveCfg = Debug|x64
		{F4D54F82-FAC5-48D8-909E-6E000A39B491}.Debug|x64.Build.0 = Debug|x64
		{F4D54F82-FAC5-48D8-909E-6E000A39B491}.Debug|x86.ActiveCfg = Debug|Win32
		{F4D54F82-FAC5-48D8-909E-6E000A39B491}.Debug|x86.Build.0 = Debug|Win32
		{F4D54F82-FAC5-48D8-909E-6E000A39B491}.DebugGOG|x64.ActiveCfg = DebugGOG|x64
		{F4D54F82-FAC5-48D8-909E-6E000A39B491}.DebugGOG|x64.Build.0 = DebugGOG|x64
		{F4D54F82-FAC5-48D8-909E-6E000A39B491}.DebugGOG|x86.ActiveCfg = DebugGOG|Win32
		{F4D54F82-FAC5-48D8-909E-6E000A39B491}.DebugGOG|x86.Build.0 = DebugGOG|Win32
		{F4D54F82-FAC5-48D8-909E-6E000A39B491}.DebugVR|x64.ActiveCfg = Debug|x64
		{F4D54F82-FAC5-48D8-909E-6E000A39B491}.DebugVR|x64.Build.0 = Debug|x64
		{F4D54F82-FAC5-48D8-909E-6E000A39B491}.DebugVR|x86.ActiveCfg = Debug|Win32
		{F4D54F82-FAC5-48D8-909E-6E000A39B491}.DebugVR|x86.Build.0 = Debug|Win32
		{F4D54F82-FAC5-48D8-909E-6E000A39B491}.Release|x64.ActiveCfg = Release|x64
		{F4D54F82-FAC5-48D8-909E-6E000A39B491}.Release|x64.Build.0 = Release|x64
		{F4D54F82-FAC5-48D8-909E-6E000A39B491}.Release|x86.ActiveCfg = Release|Win32
		{F4D54F82-FAC5-48D8-909E-6E000A39B491}.Release|x86.Build.0 = Release|Win32
		{F4D54F82-FAC5-48D8-909E-6E000A39B491}.ReleaseGOG|x64.ActiveCfg = ReleaseGOG|x64
		{F4D54F82-FAC5-48D8-909E-6E000A39B491}.ReleaseGOG|x64.Build.0 = ReleaseGOG|x64
		{F4D54F82-FAC5-48D8-909E-6E000A39B491}.ReleaseGOG|x86.ActiveCfg = ReleaseGOG|Win32
		{F4D54F82-FAC5-48D8-909E-6E000A39B491}.ReleaseGOG|x86.Build.0 = ReleaseGOG|Win32
		{F4D54F82-FAC5-48D8-909E-6E000A39B491}.ReleaseVR|x64.ActiveCfg = Release|x64
		{F4D54F82-FAC5-48D8-909E-6E000A39B491}.ReleaseVR|x64.Build.0 = Release|x64
		{F4D54F82-FAC5-48D8-909E-6E000A39B491}.ReleaseVR|x86.ActiveCfg = Release|Win32
		{F4D54F82-FAC5-48D8-909E-6E000A39B491}.ReleaseVR|x86.Build.0 = Release|Win32
		{172A50B5-633A-45B2-86E7-9E60D0D3F8FE}.Debug|x64.ActiveCfg = Debug|x64
		{172A50B5-633A-45B2-86E7-9E60D0D3F8FE}.Debug|x86.ActiveCfg = Debug|Win32
		{172A50B5-633A-45B2-86E7-9E60D0D3F8FE}.Debug|x86.Build.0 = Debug|Win32
		{172A50B5-633A-45B2-86E7-9E60D0D3F8FE}.DebugGOG|x64.ActiveCfg = DebugGOG|x64
		{172A50B5-633A-45B2-86E7-9E60D0D3F8FE}.DebugGOG|x86.ActiveCfg = DebugGOG|Win32
		{172A50B5-633A-45B2-86E7-9E60D0D3F8FE}.DebugVR|x64.ActiveCfg = Debug|x64
		{172A50B5-633A-45B2-86E7-9E60D0D3F8FE}.DebugVR|x64.Build.0 = Debug|x64
		{172A50B5-633A-45B2-86E7-9E60D0D3F8FE}.DebugVR|x86.ActiveCfg = Debug|Win32
		{172A50B5-633A-45B2-86E7-9E60D0D3F8FE}.DebugVR|x86.Build.0 = Debug|Win32
		{172A50B5-633A-45B2-86E7-9E60D0D3F8FE}.Release|x64.ActiveCfg = Release|x64
		{172A50B5-633A-45B2-86E7-9E60D0D3F8FE}.Release|x86.ActiveCfg = Release|Win32
		{172A50B5-633A-45B2-86E7-9E60D0D3F8FE}.Release|x86.Build.0 = Release|Win32
		{172A50B5-633A-45B2-86E7-9E60D0D3F8FE}.ReleaseGOG|x64.ActiveCfg = ReleaseGOG|x64
		{172A50B5-633A-45B2-86E7-9E60D0D3F8FE}.ReleaseGOG|x86.ActiveCfg = ReleaseGOG|Win32
		{172A50B5-633A-45B2-86E7-9E60D0D3F8FE}.ReleaseVR|x64.ActiveCfg = Release|x64
		{172A50B5-633A-45B2-86E7-9E60D0D3F8FE}.ReleaseVR|x64.Build.0 = Release|x64
		{172A50B5-633A-45B2-86E7-9E60D0D3F8FE}.ReleaseVR|x86.ActiveCfg = Release|Win32
		{172A50B5-633A-45B2-86E7-9E60D0D3F8FE}.ReleaseVR|x86.Build.0 = Release|Win32
		{BF4E6791-1336-4B65-8E3F-731FED37E4B2}.Debug|x64.ActiveCfg = Debug|x64
		{BF4E6791-1336-4B65-8E3F-731FED37E4B2}.Debug|x86.ActiveCfg = Debug|x64
		{BF4E6791-1336-4B65-8E3F-731FED37E4B2}.DebugGOG|x64.ActiveCfg = DebugGOG|x64
		{BF4E6791-1336-4B65-8E3F-731FED37E4B2}.DebugGOG|x86.ActiveCfg = DebugGOG|x64
		{BF4E6791-1336-4B65-8E3F-731FED37E4B2}.DebugGOG|x86.Build.0 = DebugGOG|x64
		{BF4E6791-1336-4B65-8E3F-731FED37E4B2}.DebugVR|x64.ActiveCfg = Debug|x64
		{BF4E6791-1336-4B65-8E3F-731FED37E4B2}.DebugVR|x64.Build.0 = Debug|x64
		{BF4E6791-1336-4B65-8E3F-731FED37E4B2}.DebugVR|x86.ActiveCfg = Release|x64
		{BF4E6791-1336-4B65-8E3F-731FED37E4B2}.DebugVR|x86.Build.0 = Release|x64
		{BF4E6791-1336-4B65-8E3F-731FED37E4B2}.Release|x64.ActiveCfg = Release|x64
		{BF4E6791-1336-4B65-8E3F-731FED37E4B2}.Release|x86.ActiveCfg = Release|x64
		{BF4E6791-1336-4B65-8E3F-731FED37E4B2}.ReleaseGOG|x64.ActiveCfg = ReleaseGOG|x64
		{BF4E6791-1336-4B65-8E3F-731FED37E4B2}.ReleaseGOG|x86.ActiveCfg = ReleaseGOG|x64
		{BF4E6791-1336-4B65-8E3F-731FED37E4B2}.ReleaseGOG|x86.Build.0 = ReleaseGOG|x64
		{BF4E6791-1336-4B65-8E3F-731FED37E4B2}.ReleaseVR|x64.ActiveCfg = Release|x64
		{BF4E6791-1336-4B65-8E3F-731FED37E4B2}.ReleaseVR|x64.Build.0 = Release|x64
		{BF4E6791-1336-4B65-8E3F-731FED37E4B2}.ReleaseVR|x86.ActiveCfg = Release|x64
		{BF4E6791-1336-4B65-8E3F-731FED37E4B2}.ReleaseVR|x86.Build.0 = Release|x64
		{639411C0-FC23-4819-A0C5-429A4E5D8A51}.Debug|x64.ActiveCfg = Debug|x64
		{639411C0-FC23-4819-A0C5-429A4E5D8A51}.Debug|x86.ActiveCfg = Debug|x64
		{639411C0-FC23-4819-A0C5-429A4E5D8A51}.DebugGOG|x64.ActiveCfg = DebugGOG|x64
		{639411C0-FC23-4819-A0C5-429A4E5D8A51}.DebugGOG|x86.ActiveCfg = DebugGOG|x64
		{639411C0-FC23-4819-A0C5-429A4E5D8A51}.DebugGOG|x86.Build.0 = DebugGOG|x64
		{639411C0-FC23-4819-A0C5-429A4E5D8A51}.DebugVR|x64.ActiveCfg = Debug|x64
		{639411C0-FC23-4819-A0C5-429A4E5D8A51}.DebugVR|x64.Build.0 = Debug|x64
		{639411C0-FC23-4819-A0C5-429A4E5D8A51}.DebugVR|x86.ActiveCfg = Release|x64
		{639411C0-FC23-4819-A0C5-429A4E5D8A51}.DebugVR|x86.Build.0 = Release|x64
		{639411C0-FC23-4819-A0C5-429A4E5D8A51}.Release|x64.ActiveCfg = Release|x64
		{639411C0-FC23-4819-A0C5-429A4E5D8A51}.Release|x86.ActiveCfg = Release|x64
		{639411C0-FC23-4819-A0C5-429A4E5D8A51}.ReleaseGOG|x64.ActiveCfg = ReleaseGOG|x64
		{639411C0-FC23-4819-A0C5-429A4E5D8A51}.ReleaseGOG|x86.ActiveCfg = ReleaseGOG|x64
		{639411C0-FC23-4819-A0C5-429A4E5D8A51}.ReleaseGOG|x86.Build.0 = ReleaseGOG|x64
		{639411C0-FC23-4819-A0C5-429A4E5D8A51}.ReleaseVR|x64.ActiveCfg = Release|x64
		{639411C0-FC23-4819-A0C5-429A4E5D8A51}.ReleaseVR|x64.Build.0 = Release|x64
		{639411C0-FC23-4819-A0C5-429A4E5D8A51}.ReleaseVR|x86.ActiveCfg = Release|x64
		{639411C0-FC23-4819-A0C5-429A4E5D8A51}.ReleaseVR|x86.Build.0 = Release|x64
		{30AE3A01-17BE-476C-AAE0-3774D9589AA1}.Debug|x64.ActiveCfg = Debug|x64
		{30AE3A01-17BE-476C-AAE0-3774D9589AA1}.Debug|x64.Build.0 = Debug|x64
		{30AE3A01-17BE-476C-AAE0-3774D9589AA1}.Debug|x86.ActiveCfg = Debug|Win32
		{30AE3A01-17BE-476C-AAE0-3774D9589AA1}.Debug|x86.Build.0 = Debug|Win32
		{30AE3A01-17BE-476C-AAE0-3774D9589AA1}.DebugGOG|x64.ActiveCfg = DebugGOG|x64
		{30AE3A01-17BE-476C-AAE0-3774D9589AA1}.DebugGOG|x64.Build.0 = DebugGOG|x64
		{30AE3A01-17BE-476C-AAE0-3774D9589AA1}.DebugGOG|x86.ActiveCfg = Debug|Win32
		{30AE3A01-17BE-476C-AAE0-3774D9589AA1}.DebugGOG|x86.Build.0 = Debug|Win32
		{30AE3A01-17BE-476C-AAE0-3774D9589AA1}.DebugVR|x64.ActiveCfg = Debug|x64
		{30AE3A01-17BE-476C-AAE0-3774D9589AA1}.DebugVR|x64.Build.0 = Debug|x64
		{30AE3A01-17BE-476C-AAE0-3774D9589AA1}.DebugVR|x86.ActiveCfg = Debug|Win32
		{30AE3A01-17BE-476C-AAE0-3774D9589AA1}.DebugVR|x86.Build.0 = Debug|Win32
		{30AE3A01-17BE-476C-AAE0-3774D9589AA1}.Release|x64.ActiveCfg = Release|x64
		{30AE3A01-17BE-476C-AAE0-3774D9589AA1}.Release|x64.Build.0 = Release|x64
		{30AE3A01-17BE-476C-AAE0-3774D9589AA1}.Release|x86.ActiveCfg = Release|Win32
		{30AE3A01-17BE-476C-AAE0-3774D9589AA1}.Release|x86.Build.0 = Release|Win32
		{30AE3A01-17BE-476C-AAE0-3774D9589AA1}.ReleaseGOG|x64.ActiveCfg = ReleaseGOG|x64
		{30AE3A01-17BE-476C-AAE0-3774D9589AA1}.ReleaseGOG|x64.Build.0 = ReleaseGOG|x64
		{30AE3A01-17BE-476C-AAE0-3774D9589AA1}.ReleaseGOG|x86.ActiveCfg = Release|Win32
		{30AE3A01-17BE-476C-AAE0-3774D9589AA1}.ReleaseGOG|x86.Build.0 = Release|Win32
		{30AE3A01-17BE-476C-AAE0-3774D9589AA1}.ReleaseVR|x64.ActiveCfg = Release|x64
		{30AE3A01-17BE-476C-AAE0-3774D9589AA1}.ReleaseVR|x64.Build.0 = Release|x64
		{30AE3A01-17BE-476C-AAE0-3774D9589AA1}.ReleaseVR|x86.ActiveCfg = Release|Win32
		{30AE3A01-17BE-476C-AAE0-3774D9589AA1}.ReleaseVR|x86.Build.0 = Release|Win32
		{E4475D21-BAA6-4954-A78A-2F85229C3160}.Debug|x64.ActiveCfg = Debug|x64
		{E4475D21-BAA6-4954-A78A-2F85229C3160}.Debug|x64.Build.0 = Debug|x64
		{E4475D21-BAA6-4954-A78A-2F85229C3160}.Debug|x86.ActiveCfg = Debug|x64
		{E4475D21-BAA6-4954-A78A-2F85229C3160}.Debug|x86.Build.0 = Debug|x64
		{E4475D21-BAA6-4954-A78A-2F85229C3160}.DebugGOG|x64.ActiveCfg = DebugGOG|x64
		{E4475D21-BAA6-4954-A78A-2F85229C3160}.DebugGOG|x64.Build.0 = DebugGOG|x64
		{E4475D21-BAA6-4954-A78A-2F85229C3160}.DebugGOG|x86.ActiveCfg = Debug|x64
		{E4475D21-BAA6-4954-A78A-2F85229C3160}.DebugGOG|x86.Build.0 = Debug|x64
		{E4475D21-BAA6-4954-A78A-2F85229C3160}.DebugVR|x64.ActiveCfg = Debug|x64
		{E4475D21-BAA6-4954-A78A-2F85229C3160}.DebugVR|x64.Build.0 = Debug|x64
		{E4475D21-BAA6-4954-A78A-2F85229C3160}.DebugVR|x86.ActiveCfg = Debug|x64
		{E4475D21-BAA6-4954-A78A-2F85229C3160}.DebugVR|x86.Build.0 = Debug|x64
		{E4475D21-BAA6-4954-A78A-2F85229C3160}.Release|x64.ActiveCfg = Release|x64
		{E4475D21-BAA6-4954-A78A-2F85229C3160}.Release|x64.Build.0 = Release|x64
		{E4475D21-BAA6-4954-A78A-2F85229C3160}.Release|x86.ActiveCfg = Release|x64
		{E4475D21-BAA6-4954-A78A-2F85229C3160}.Release|x86.Build.0 = Release|x64
		{E4475D21-BAA6-4954-A78A-2F85229C3160}.ReleaseGOG|x64.ActiveCfg = ReleaseGOG|x64
		{E4475D21-BAA6-4954-A78A-2F85229C3160}.ReleaseGOG|x64.Build.0 = ReleaseGOG|x64
		{E4475D21-BAA6-4954-A78A-2F85229C3160}.ReleaseGOG|x86.ActiveCfg = Release|x64
		{E4475D21-BAA6-4954-A78A-2F85229C3160}.ReleaseGOG|x86.Build.0 = Release|x64
		{E4475D21-BAA6-4954-A78A-2F85229C3160}.ReleaseVR|x64.ActiveCfg = Release|x64
		{E4475D21-BAA6-4954-A78A-2F85229C3160}.ReleaseVR|x64.Build.0 = Release|x64
		{E4475D21-BAA6-4954-A78A-2F85229C3160}.ReleaseVR|x86.ActiveCfg = Release|x64
		{E4475D21-BAA6-4954-A78A-2F85229C3160}.ReleaseVR|x86.Build.0 = Release|x64
		{0412D717-0752-4963-B0AB-C2B89DD4020C}.Debug|x64.ActiveCfg = Debug|x64
		{0412D717-0752-4963-B0AB-C2B89DD4020C}.Debug|x64.Build.0 = Debug|x64
		{0412D717-0752-4963-B0AB-C2B89DD4020C}.Debug|x86.ActiveCfg = Debug|x64
		{0412D717-0752-4963-B0AB-C2B89DD4020C}.Debug|x86.Build.0 = Debug|x64
		{0412D717-0752-4963-B0AB-C2B89DD4020C}.DebugGOG|x64.ActiveCfg = DebugGOG|x64
		{0412D717-0752-4963-B0AB-C2B89DD4020C}.DebugGOG|x64.Build.0 = DebugGOG|x64
		{0412D717-0752-4963-B0AB-C2B89DD4020C}.DebugGOG|x86.ActiveCfg = Debug|x64
		{0412D717-0752-4963-B0AB-C2B89DD4020C}.DebugGOG|x86.Build.0 = Debug|x64
		{0412D717-0752-4963-B0AB-C2B89DD4020C}.DebugVR|x64.ActiveCfg = Debug|x64
		{0412D717-0752-4963-B0AB-C2B89DD4020C}.DebugVR|x64.Build.0 = Debug|x64
		{0412D717-0752-4963-B0AB-C2B89DD4020C}.DebugVR|x86.ActiveCfg = Debug|x64
		{0412D717-0752-4963-B0AB-C2B89DD4020C}.DebugVR|x86.Build.0 = Debug|x64
		{0412D717-0752-4963-B0AB-C2B89DD4020C}.Release|x64.ActiveCfg = Release|x64
		{0412D717-0752-4963-B0AB-C2B89DD4020C}.Release|x64.Build.0 = Release|x64
		{0412D717-0752-4963-B0AB-C2B89DD4020C}.Release|x86.ActiveCfg = Release|x64
		{0412D717-0752-4963-B0AB-C2B89DD4020C}.Release|x86.Build.0 = Release|x64
		{0412D717-0752-4963-B0AB-C2B89DD4020C}.ReleaseGOG|x64.ActiveCfg = ReleaseGOG|x64
		{0412D717-0752-4963-B0AB-C2B89DD4020C}.ReleaseGOG|x64.Build.0 = ReleaseGOG|x64
		{0412D717-0752-4963-B0AB-C2B89DD4020C}.ReleaseGOG|x86.ActiveCfg = Release|x64
		{0412D717-0752-4963-B0AB-C2B89DD4020C}.ReleaseGOG|x86.Build.0 = Release|x64
		{0412D717-0752-4963-B0AB-C2B89DD4020C}.ReleaseVR|x64.ActiveCfg = Release|x64
		{0412D717-0752-4963-B0AB-C2B89DD4020C}.ReleaseVR|x64.Build.0 = Release|x64
		{0412D717-0752-4963-B0AB-C2B89DD4020C}.ReleaseVR|x86.ActiveCfg = Release|x64
		{0412D717-0752-4963-B0AB-C2B89DD4020C}.ReleaseVR|x86.Build.0 = Release|x64
	EndGlobalSection
	GlobalSection(SolutionProperties) = preSolution
		HideSolutionNode = FALSE
	EndGlobalSection
	GlobalSection(ExtensibilityGlobals) = postSolution
		SolutionGuid = {40B7E197-5749-40BF-A51C-35DB38E21152}
	EndGlobalSection
EndGlobal
